
Microsoft Visual Studio Solution File, Format Version 12.00
# Visual Studio 15
VisualStudioVersion = 15.0.28010.2026
MinimumVisualStudioVersion = 10.0.40219.1
Project("{FAE04EC0-301F-11D3-BF4B-00C04F79EFBC}") = "CSTcpProxy", "CSTcpProxy\CSTcpProxy.csproj", "{EFDF2171-1047-4AE6-872A-3072BD2D190E}"
EndProject
Global
	GlobalSection(SolutionConfigurationPlatforms) = preSolution
		Debug|Any CPU = Debug|Any CPU
		Release|Any CPU = Release|Any CPU
	EndGlobalSection
	GlobalSection(ProjectConfigurationPlatforms) = postSolution
		{EFDF2171-1047-4AE6-872A-3072BD2D190E}.Debug|Any CPU.ActiveCfg = Debug|Any CPU
		{EFDF2171-1047-4AE6-872A-3072BD2D190E}.Debug|Any CPU.Build.0 = Debug|Any CPU
		{EFDF2171-1047-4AE6-872A-3072BD2D190E}.Release|Any CPU.ActiveCfg = Release|Any CPU
		{EFDF2171-1047-4AE6-872A-3072BD2D190E}.Release|Any CPU.Build.0 = Release|Any CPU
	EndGlobalSection
	GlobalSection(SolutionProperties) = preSolution
		HideSolutionNode = FALSE
	EndGlobalSection
	GlobalSection(ExtensibilityGlobals) = postSolution
		SolutionGuid = {5C428842-88A5-4149-A842-59BC2C487E35}
	EndGlobalSection
EndGlobal
